// !$*UTF8*$!
{
	archiveVersion = 1;
	classes = {
	};
	objectVersion = 56;
	objects = {

/* Begin PBXBuildFile section */
		4BE5D01B28FFB5550056014E /* AppDelegate.swift in Sources */ = {isa = PBXBuildFile; fileRef = 4BE5D01A28FFB5550056014E /* AppDelegate.swift */; };
		4BE5D01D28FFB5550056014E /* SceneDelegate.swift in Sources */ = {isa = PBXBuildFile; fileRef = 4BE5D01C28FFB5550056014E /* SceneDelegate.swift */; };
		4BE5D01F28FFB5550056014E /* ViewController.swift in Sources */ = {isa = PBXBuildFile; fileRef = 4BE5D01E28FFB5550056014E /* ViewController.swift */; };
		4BE5D02228FFB5550056014E /* Main.storyboard in Resources */ = {isa = PBXBuildFile; fileRef = 4BE5D02028FFB5550056014E /* Main.storyboard */; };
		4BE5D02428FFB5570056014E /* Assets.xcassets in Resources */ = {isa = PBXBuildFile; fileRef = 4BE5D02328FFB5570056014E /* Assets.xcassets */; };
		4BE5D02728FFB5570056014E /* LaunchScreen.storyboard in Resources */ = {isa = PBXBuildFile; fileRef = 4BE5D02528FFB5570056014E /* LaunchScreen.storyboard */; };
		4BE5D03228FFB5570056014E /* GreetingsTests.swift in Sources */ = {isa = PBXBuildFile; fileRef = 4BE5D03128FFB5570056014E /* GreetingsTests.swift */; };
		4BE5D03C28FFB5570056014E /* GreetingsUITests.swift in Sources */ = {isa = PBXBuildFile; fileRef = 4BE5D03B28FFB5570056014E /* GreetingsUITests.swift */; };
		4BE5D03E28FFB5570056014E /* GreetingsUITestsLaunchTests.swift in Sources */ = {isa = PBXBuildFile; fileRef = 4BE5D03D28FFB5570056014E /* GreetingsUITestsLaunchTests.swift */; };
		4BE5D04E28FFC6B90056014E /* LuckyNumberGenerator.swift in Sources */ = {isa = PBXBuildFile; fileRef = 4BE5D04D28FFC6B90056014E /* LuckyNumberGenerator.swift */; };
/* End PBXBuildFile section */

/* Begin PBXContainerItemProxy section */
		4BE5D02E28FFB5570056014E /* PBXContainerItemProxy */ = {
			isa = PBXContainerItemProxy;
			containerPortal = 4BE5D00F28FFB5550056014E /* Project object */;
			proxyType = 1;
			remoteGlobalIDString = 4BE5D01628FFB5550056014E;
			remoteInfo = Greetings;
		};
		4BE5D03828FFB5570056014E /* PBXContainerItemProxy */ = {
			isa = PBXContainerItemProxy;
			containerPortal = 4BE5D00F28FFB5550056014E /* Project object */;
			proxyType = 1;
			remoteGlobalIDString = 4BE5D01628FFB5550056014E;
			remoteInfo = Greetings;
		};
/* End PBXContainerItemProxy section */

/* Begin PBXFileReference section */
		4BE5D01728FFB5550056014E /* LuckyNumber.app */ = {isa = PBXFileReference; explicitFileType = wrapper.application; includeInIndex = 0; path = LuckyNumber.app; sourceTree = BUILT_PRODUCTS_DIR; };
		4BE5D01A28FFB5550056014E /* AppDelegate.swift */ = {isa = PBXFileReference; lastKnownFileType = sourcecode.swift; path = AppDelegate.swift; sourceTree = "<group>"; };
		4BE5D01C28FFB5550056014E /* SceneDelegate.swift */ = {isa = PBXFileReference; lastKnownFileType = sourcecode.swift; path = SceneDelegate.swift; sourceTree = "<group>"; };
		4BE5D01E28FFB5550056014E /* ViewController.swift */ = {isa = PBXFileReference; lastKnownFileType = sourcecode.swift; path = ViewController.swift; sourceTree = "<group>"; };
		4BE5D02128FFB5550056014E /* Base */ = {isa = PBXFileReference; lastKnownFileType = file.storyboard; name = Base; path = Base.lproj/Main.storyboard; sourceTree = "<group>"; };
		4BE5D02328FFB5570056014E /* Assets.xcassets */ = {isa = PBXFileReference; lastKnownFileType = folder.assetcatalog; path = Assets.xcassets; sourceTree = "<group>"; };
		4BE5D02628FFB5570056014E /* Base */ = {isa = PBXFileReference; lastKnownFileType = file.storyboard; name = Base; path = Base.lproj/LaunchScreen.storyboard; sourceTree = "<group>"; };
		4BE5D02828FFB5570056014E /* Info.plist */ = {isa = PBXFileReference; lastKnownFileType = text.plist.xml; path = Info.plist; sourceTree = "<group>"; };
		4BE5D02D28FFB5570056014E /* LuckyNumberTests.xctest */ = {isa = PBXFileReference; explicitFileType = wrapper.cfbundle; includeInIndex = 0; path = LuckyNumberTests.xctest; sourceTree = BUILT_PRODUCTS_DIR; };
		4BE5D03128FFB5570056014E /* GreetingsTests.swift */ = {isa = PBXFileReference; lastKnownFileType = sourcecode.swift; path = GreetingsTests.swift; sourceTree = "<group>"; };
		4BE5D03728FFB5570056014E /* LuckyNumberUITests.xctest */ = {isa = PBXFileReference; explicitFileType = wrapper.cfbundle; includeInIndex = 0; path = LuckyNumberUITests.xctest; sourceTree = BUILT_PRODUCTS_DIR; };
		4BE5D03B28FFB5570056014E /* GreetingsUITests.swift */ = {isa = PBXFileReference; lastKnownFileType = sourcecode.swift; path = GreetingsUITests.swift; sourceTree = "<group>"; };
		4BE5D03D28FFB5570056014E /* GreetingsUITestsLaunchTests.swift */ = {isa = PBXFileReference; lastKnownFileType = sourcecode.swift; path = GreetingsUITestsLaunchTests.swift; sourceTree = "<group>"; };
		4BE5D04D28FFC6B90056014E /* LuckyNumberGenerator.swift */ = {isa = PBXFileReference; lastKnownFileType = sourcecode.swift; path = LuckyNumberGenerator.swift; sourceTree = "<group>"; };
/* End PBXFileReference section */

/* Begin PBXFrameworksBuildPhase section */
		4BE5D01428FFB5550056014E /* Frameworks */ = {
			isa = PBXFrameworksBuildPhase;
			buildActionMask = 2147483647;
			files = (
			);
			runOnlyForDeploymentPostprocessing = 0;
		};
		4BE5D02A28FFB5570056014E /* Frameworks */ = {
			isa = PBXFrameworksBuildPhase;
			buildActionMask = 2147483647;
			files = (
			);
			runOnlyForDeploymentPostprocessing = 0;
		};
		4BE5D03428FFB5570056014E /* Frameworks */ = {
			isa = PBXFrameworksBuildPhase;
			buildActionMask = 2147483647;
			files = (
			);
			runOnlyForDeploymentPostprocessing = 0;
		};
/* End PBXFrameworksBuildPhase section */

/* Begin PBXGroup section */
		4BE5D00E28FFB5550056014E = {
			isa = PBXGroup;
			children = (
				4BE5D01928FFB5550056014E /* Greetings */,
				4BE5D03028FFB5570056014E /* LuckyNumberTests */,
				4BE5D03A28FFB5570056014E /* LuckyNumberUITests */,
				4BE5D01828FFB5550056014E /* Products */,
			);
			sourceTree = "<group>";
		};
		4BE5D01828FFB5550056014E /* Products */ = {
			isa = PBXGroup;
			children = (
				4BE5D01728FFB5550056014E /* LuckyNumber.app */,
				4BE5D02D28FFB5570056014E /* LuckyNumberTests.xctest */,
				4BE5D03728FFB5570056014E /* LuckyNumberUITests.xctest */,
			);
			name = Products;
			sourceTree = "<group>";
		};
		4BE5D01928FFB5550056014E /* Greetings */ = {
			isa = PBXGroup;
			children = (
				4BE5D01A28FFB5550056014E /* AppDelegate.swift */,
				4BE5D01C28FFB5550056014E /* SceneDelegate.swift */,
				4BE5D04A28FFC5D50056014E /* Model */,
				4BE5D04B28FFC5E60056014E /* View */,
				4BE5D04C28FFC5FB0056014E /* Controller */,
				4BE5D02328FFB5570056014E /* Assets.xcassets */,
				4BE5D02528FFB5570056014E /* LaunchScreen.storyboard */,
				4BE5D02828FFB5570056014E /* Info.plist */,
			);
			path = Greetings;
			sourceTree = "<group>";
		};
		4BE5D03028FFB5570056014E /* LuckyNumberTests */ = {
			isa = PBXGroup;
			children = (
				4BE5D03128FFB5570056014E /* GreetingsTests.swift */,
			);
			path = LuckyNumberTests;
			sourceTree = "<group>";
		};
		4BE5D03A28FFB5570056014E /* LuckyNumberUITests */ = {
			isa = PBXGroup;
			children = (
				4BE5D03B28FFB5570056014E /* GreetingsUITests.swift */,
				4BE5D03D28FFB5570056014E /* GreetingsUITestsLaunchTests.swift */,
			);
			path = LuckyNumberUITests;
			sourceTree = "<group>";
		};
		4BE5D04A28FFC5D50056014E /* Model */ = {
			isa = PBXGroup;
			children = (
				4BE5D04D28FFC6B90056014E /* LuckyNumberGenerator.swift */,
			);
			path = Model;
			sourceTree = "<group>";
		};
		4BE5D04B28FFC5E60056014E /* View */ = {
			isa = PBXGroup;
			children = (
				4BE5D02028FFB5550056014E /* Main.storyboard */,
			);
			path = View;
			sourceTree = "<group>";
		};
		4BE5D04C28FFC5FB0056014E /* Controller */ = {
			isa = PBXGroup;
			children = (
				4BE5D01E28FFB5550056014E /* ViewController.swift */,
			);
			path = Controller;
			sourceTree = "<group>";
		};
/* End PBXGroup section */

/* Begin PBXNativeTarget section */
		4BE5D01628FFB5550056014E /* LuckyNumber */ = {
			isa = PBXNativeTarget;
			buildConfigurationList = 4BE5D04128FFB5570056014E /* Build configuration list for PBXNativeTarget "LuckyNumber" */;
			buildPhases = (
				4BE5D01328FFB5550056014E /* Sources */,
				4BE5D01428FFB5550056014E /* Frameworks */,
				4BE5D01528FFB5550056014E /* Resources */,
			);
			buildRules = (
			);
			dependencies = (
			);
			name = LuckyNumber;
			productName = Greetings;
			productReference = 4BE5D01728FFB5550056014E /* LuckyNumber.app */;
			productType = "com.apple.product-type.application";
		};
		4BE5D02C28FFB5570056014E /* LuckyNumberTests */ = {
			isa = PBXNativeTarget;
			buildConfigurationList = 4BE5D04428FFB5570056014E /* Build configuration list for PBXNativeTarget "LuckyNumberTests" */;
			buildPhases = (
				4BE5D02928FFB5570056014E /* Sources */,
				4BE5D02A28FFB5570056014E /* Frameworks */,
				4BE5D02B28FFB5570056014E /* Resources */,
			);
			buildRules = (
			);
			dependencies = (
				4BE5D02F28FFB5570056014E /* PBXTargetDependency */,
			);
			name = LuckyNumberTests;
			productName = GreetingsTests;
			productReference = 4BE5D02D28FFB5570056014E /* LuckyNumberTests.xctest */;
			productType = "com.apple.product-type.bundle.unit-test";
		};
		4BE5D03628FFB5570056014E /* LuckyNumberUITests */ = {
			isa = PBXNativeTarget;
			buildConfigurationList = 4BE5D04728FFB5570056014E /* Build configuration list for PBXNativeTarget "LuckyNumberUITests" */;
			buildPhases = (
				4BE5D03328FFB5570056014E /* Sources */,
				4BE5D03428FFB5570056014E /* Frameworks */,
				4BE5D03528FFB5570056014E /* Resources */,
			);
			buildRules = (
			);
			dependencies = (
				4BE5D03928FFB5570056014E /* PBXTargetDependency */,
			);
			name = LuckyNumberUITests;
			productName = GreetingsUITests;
			productReference = 4BE5D03728FFB5570056014E /* LuckyNumberUITests.xctest */;
			productType = "com.apple.product-type.bundle.ui-testing";
		};
/* End PBXNativeTarget section */

/* Begin PBXProject section */
		4BE5D00F28FFB5550056014E /* Project object */ = {
			isa = PBXProject;
			attributes = {
				BuildIndependentTargetsInParallel = 1;
				LastSwiftUpdateCheck = 1400;
				LastUpgradeCheck = 1400;
				TargetAttributes = {
					4BE5D01628FFB5550056014E = {
						CreatedOnToolsVersion = 14.0;
					};
					4BE5D02C28FFB5570056014E = {
						CreatedOnToolsVersion = 14.0;
						TestTargetID = 4BE5D01628FFB5550056014E;
					};
					4BE5D03628FFB5570056014E = {
						CreatedOnToolsVersion = 14.0;
						TestTargetID = 4BE5D01628FFB5550056014E;
					};
				};
			};
			buildConfigurationList = 4BE5D01228FFB5550056014E /* Build configuration list for PBXProject "LuckyNumber" */;
			compatibilityVersion = "Xcode 14.0";
			developmentRegion = en;
			hasScannedForEncodings = 0;
			knownRegions = (
				en,
				Base,
			);
			mainGroup = 4BE5D00E28FFB5550056014E;
			productRefGroup = 4BE5D01828FFB5550056014E /* Products */;
			projectDirPath = "";
			projectRoot = "";
			targets = (
				4BE5D01628FFB5550056014E /* LuckyNumber */,
				4BE5D02C28FFB5570056014E /* LuckyNumberTests */,
				4BE5D03628FFB5570056014E /* LuckyNumberUITests */,
			);
		};
/* End PBXProject section */

/* Begin PBXResourcesBuildPhase section */
		4BE5D01528FFB5550056014E /* Resources */ = {
			isa = PBXResourcesBuildPhase;
			buildActionMask = 2147483647;
			files = (
				4BE5D02728FFB5570056014E /* LaunchScreen.storyboard in Resources */,
				4BE5D02428FFB5570056014E /* Assets.xcassets in Resources */,
				4BE5D02228FFB5550056014E /* Main.storyboard in Resources */,
			);
			runOnlyForDeploymentPostprocessing = 0;
		};
		4BE5D02B28FFB5570056014E /* Resources */ = {
			isa = PBXResourcesBuildPhase;
			buildActionMask = 2147483647;
			files = (
			);
			runOnlyForDeploymentPostprocessing = 0;
		};
		4BE5D03528FFB5570056014E /* Resources */ = {
			isa = PBXResourcesBuildPhase;
			buildActionMask = 2147483647;
			files = (
			);
			runOnlyForDeploymentPostprocessing = 0;
		};
/* End PBXResourcesBuildPhase section */

/* Begin PBXSourcesBuildPhase section */
		4BE5D01328FFB5550056014E /* Sources */ = {
			isa = PBXSourcesBuildPhase;
			buildActionMask = 2147483647;
			files = (
				4BE5D01F28FFB5550056014E /* ViewController.swift in Sources */,
				4BE5D01B28FFB5550056014E /* AppDelegate.swift in Sources */,
				4BE5D04E28FFC6B90056014E /* LuckyNumberGenerator.swift in Sources */,
				4BE5D01D28FFB5550056014E /* SceneDelegate.swift in Sources */,
			);
			runOnlyForDeploymentPostprocessing = 0;
		};
		4BE5D02928FFB5570056014E /* Sources */ = {
			isa = PBXSourcesBuildPhase;
			buildActionMask = 2147483647;
			files = (
				4BE5D03228FFB5570056014E /* GreetingsTests.swift in Sources */,
			);
			runOnlyForDeploymentPostprocessing = 0;
		};
		4BE5D03328FFB5570056014E /* Sources */ = {
			isa = PBXSourcesBuildPhase;
			buildActionMask = 2147483647;
			files = (
				4BE5D03C28FFB5570056014E /* GreetingsUITests.swift in Sources */,
				4BE5D03E28FFB5570056014E /* GreetingsUITestsLaunchTests.swift in Sources */,
			);
			runOnlyForDeploymentPostprocessing = 0;
		};
/* End PBXSourcesBuildPhase section */

/* Begin PBXTargetDependency section */
		4BE5D02F28FFB5570056014E /* PBXTargetDependency */ = {
			isa = PBXTargetDependency;
			target = 4BE5D01628FFB5550056014E /* LuckyNumber */;
			targetProxy = 4BE5D02E28FFB5570056014E /* PBXContainerItemProxy */;
		};
		4BE5D03928FFB5570056014E /* PBXTargetDependency */ = {
			isa = PBXTargetDependency;
			target = 4BE5D01628FFB5550056014E /* LuckyNumber */;
			targetProxy = 4BE5D03828FFB5570056014E /* PBXContainerItemProxy */;
		};
/* End PBXTargetDependency section */

/* Begin PBXVariantGroup section */
		4BE5D02028FFB5550056014E /* Main.storyboard */ = {
			isa = PBXVariantGroup;
			children = (
				4BE5D02128FFB5550056014E /* Base */,
			);
			name = Main.storyboard;
			sourceTree = "<group>";
		};
		4BE5D02528FFB5570056014E /* LaunchScreen.storyboard */ = {
			isa = PBXVariantGroup;
			children = (
				4BE5D02628FFB5570056014E /* Base */,
			);
			name = LaunchScreen.storyboard;
			sourceTree = "<group>";
		};
/* End PBXVariantGroup section */

/* Begin XCBuildConfiguration section */
		4BE5D03F28FFB5570056014E /* Debug */ = {
			isa = XCBuildConfiguration;
			buildSettings = {
				ALWAYS_SEARCH_USER_PATHS = NO;
				CLANG_ANALYZER_NONNULL = YES;
				CLANG_ANALYZER_NUMBER_OBJECT_CONVERSION = YES_AGGRESSIVE;
				CLANG_CXX_LANGUAGE_STANDARD = "gnu++20";
				CLANG_ENABLE_MODULES = YES;
				CLANG_ENABLE_OBJC_ARC = YES;
				CLANG_ENABLE_OBJC_WEAK = YES;
				CLANG_WARN_BLOCK_CAPTURE_AUTORELEASING = YES;
				CLANG_WARN_BOOL_CONVERSION = YES;
				CLANG_WARN_COMMA = YES;
				CLANG_WARN_CONSTANT_CONVERSION = YES;
				CLANG_WARN_DEPRECATED_OBJC_IMPLEMENTATIONS = YES;
				CLANG_WARN_DIRECT_OBJC_ISA_USAGE = YES_ERROR;
				CLANG_WARN_DOCUMENTATION_COMMENTS = YES;
				CLANG_WARN_EMPTY_BODY = YES;
				CLANG_WARN_ENUM_CONVERSION = YES;
				CLANG_WARN_INFINITE_RECURSION = YES;
				CLANG_WARN_INT_CONVERSION = YES;
				CLANG_WARN_NON_LITERAL_NULL_CONVERSION = YES;
				CLANG_WARN_OBJC_IMPLICIT_RETAIN_SELF = YES;
				CLANG_WARN_OBJC_LITERAL_CONVERSION = YES;
				CLANG_WARN_OBJC_ROOT_CLASS = YES_ERROR;
				CLANG_WARN_QUOTED_INCLUDE_IN_FRAMEWORK_HEADER = YES;
				CLANG_WARN_RANGE_LOOP_ANALYSIS = YES;
				CLANG_WARN_STRICT_PROTOTYPES = YES;
				CLANG_WARN_SUSPICIOUS_MOVE = YES;
				CLANG_WARN_UNGUARDED_AVAILABILITY = YES_AGGRESSIVE;
				CLANG_WARN_UNREACHABLE_CODE = YES;
				CLANG_WARN__DUPLICATE_METHOD_MATCH = YES;
				COPY_PHASE_STRIP = NO;
				DEBUG_INFORMATION_FORMAT = dwarf;
				ENABLE_STRICT_OBJC_MSGSEND = YES;
				ENABLE_TESTABILITY = YES;
				GCC_C_LANGUAGE_STANDARD = gnu11;
				GCC_DYNAMIC_NO_PIC = NO;
				GCC_NO_COMMON_BLOCKS = YES;
				GCC_OPTIMIZATION_LEVEL = 0;
				GCC_PREPROCESSOR_DEFINITIONS = (
					"DEBUG=1",
					"$(inherited)",
				);
				GCC_WARN_64_TO_32_BIT_CONVERSION = YES;
				GCC_WARN_ABOUT_RETURN_TYPE = YES_ERROR;
				GCC_WARN_UNDECLARED_SELECTOR = YES;
				GCC_WARN_UNINITIALIZED_AUTOS = YES_AGGRESSIVE;
				GCC_WARN_UNUSED_FUNCTION = YES;
				GCC_WARN_UNUSED_VARIABLE = YES;
				IPHONEOS_DEPLOYMENT_TARGET = 16.0;
				MTL_ENABLE_DEBUG_INFO = INCLUDE_SOURCE;
				MTL_FAST_MATH = YES;
				ONLY_ACTIVE_ARCH = YES;
				SDKROOT = iphoneos;
				SWIFT_ACTIVE_COMPILATION_CONDITIONS = DEBUG;
				SWIFT_OPTIMIZATION_LEVEL = "-Onone";
			};
			name = Debug;
		};
		4BE5D04028FFB5570056014E /* Release */ = {
			isa = XCBuildConfiguration;
			buildSettings = {
				ALWAYS_SEARCH_USER_PATHS = NO;
				CLANG_ANALYZER_NONNULL = YES;
				CLANG_ANALYZER_NUMBER_OBJECT_CONVERSION = YES_AGGRESSIVE;
				CLANG_CXX_LANGUAGE_STANDARD = "gnu++20";
				CLANG_ENABLE_MODULES = YES;
				CLANG_ENABLE_OBJC_ARC = YES;
				CLANG_ENABLE_OBJC_WEAK = YES;
				CLANG_WARN_BLOCK_CAPTURE_AUTORELEASING = YES;
				CLANG_WARN_BOOL_CONVERSION = YES;
				CLANG_WARN_COMMA = YES;
				CLANG_WARN_CONSTANT_CONVERSION = YES;
				CLANG_WARN_DEPRECATED_OBJC_IMPLEMENTATIONS = YES;
				CLANG_WARN_DIRECT_OBJC_ISA_USAGE = YES_ERROR;
				CLANG_WARN_DOCUMENTATION_COMMENTS = YES;
				CLANG_WARN_EMPTY_BODY = YES;
				CLANG_WARN_ENUM_CONVERSION = YES;
				CLANG_WARN_INFINITE_RECURSION = YES;
				CLANG_WARN_INT_CONVERSION = YES;
				CLANG_WARN_NON_LITERAL_NULL_CONVERSION = YES;
				CLANG_WARN_OBJC_IMPLICIT_RETAIN_SELF = YES;
				CLANG_WARN_OBJC_LITERAL_CONVERSION = YES;
				CLANG_WARN_OBJC_ROOT_CLASS = YES_ERROR;
				CLANG_WARN_QUOTED_INCLUDE_IN_FRAMEWORK_HEADER = YES;
				CLANG_WARN_RANGE_LOOP_ANALYSIS = YES;
				CLANG_WARN_STRICT_PROTOTYPES = YES;
				CLANG_WARN_SUSPICIOUS_MOVE = YES;
				CLANG_WARN_UNGUARDED_AVAILABILITY = YES_AGGRESSIVE;
				CLANG_WARN_UNREACHABLE_CODE = YES;
				CLANG_WARN__DUPLICATE_METHOD_MATCH = YES;
				COPY_PHASE_STRIP = NO;
				DEBUG_INFORMATION_FORMAT = "dwarf-with-dsym";
				ENABLE_NS_ASSERTIONS = NO;
				ENABLE_STRICT_OBJC_MSGSEND = YES;
				GCC_C_LANGUAGE_STANDARD = gnu11;
				GCC_NO_COMMON_BLOCKS = YES;
				GCC_WARN_64_TO_32_BIT_CONVERSION = YES;
				GCC_WARN_ABOUT_RETURN_TYPE = YES_ERROR;
				GCC_WARN_UNDECLARED_SELECTOR = YES;
				GCC_WARN_UNINITIALIZED_AUTOS = YES_AGGRESSIVE;
				GCC_WARN_UNUSED_FUNCTION = YES;
				GCC_WARN_UNUSED_VARIABLE = YES;
				IPHONEOS_DEPLOYMENT_TARGET = 16.0;
				MTL_ENABLE_DEBUG_INFO = NO;
				MTL_FAST_MATH = YES;
				SDKROOT = iphoneos;
				SWIFT_COMPILATION_MODE = wholemodule;
				SWIFT_OPTIMIZATION_LEVEL = "-O";
				VALIDATE_PRODUCT = YES;
			};
			name = Release;
		};
		4BE5D04228FFB5570056014E /* Debug */ = {
			isa = XCBuildConfiguration;
			buildSettings = {
				ASSETCATALOG_COMPILER_APPICON_NAME = AppIcon;
				ASSETCATALOG_COMPILER_GLOBAL_ACCENT_COLOR_NAME = AccentColor;
				CODE_SIGN_STYLE = Automatic;
				CURRENT_PROJECT_VERSION = 1;
				GENERATE_INFOPLIST_FILE = YES;
				INFOPLIST_FILE = Greetings/Info.plist;
				INFOPLIST_KEY_UIApplicationSupportsIndirectInputEvents = YES;
				INFOPLIST_KEY_UILaunchStoryboardName = LaunchScreen;
				INFOPLIST_KEY_UIMainStoryboardFile = Main;
				INFOPLIST_KEY_UISupportedInterfaceOrientations_iPad = "UIInterfaceOrientationPortrait UIInterfaceOrientationPortraitUpsideDown UIInterfaceOrientationLandscapeLeft UIInterfaceOrientationLandscapeRight";
				INFOPLIST_KEY_UISupportedInterfaceOrientations_iPhone = "UIInterfaceOrientationPortrait UIInterfaceOrientationLandscapeLeft UIInterfaceOrientationLandscapeRight";
				LD_RUNPATH_SEARCH_PATHS = (
					"$(inherited)",
					"@executable_path/Frameworks",
				);
				MARKETING_VERSION = 1.0;
				PRODUCT_BUNDLE_IDENTIFIER = Trenser.Greetings;
				PRODUCT_NAME = "$(TARGET_NAME)";
				SWIFT_EMIT_LOC_STRINGS = YES;
				SWIFT_VERSION = 5.0;
				TARGETED_DEVICE_FAMILY = "1,2";
			};
			name = Debug;
		};
		4BE5D04328FFB5570056014E /* Release */ = {
			isa = XCBuildConfiguration;
			buildSettings = {
				ASSETCATALOG_COMPILER_APPICON_NAME = AppIcon;
				ASSETCATALOG_COMPILER_GLOBAL_ACCENT_COLOR_NAME = AccentColor;
				CODE_SIGN_STYLE = Automatic;
				CURRENT_PROJECT_VERSION = 1;
				GENERATE_INFOPLIST_FILE = YES;
				INFOPLIST_FILE = Greetings/Info.plist;
				INFOPLIST_KEY_UIApplicationSupportsIndirectInputEvents = YES;
				INFOPLIST_KEY_UILaunchStoryboardName = LaunchScreen;
				INFOPLIST_KEY_UIMainStoryboardFile = Main;
				INFOPLIST_KEY_UISupportedInterfaceOrientations_iPad = "UIInterfaceOrientationPortrait UIInterfaceOrientationPortraitUpsideDown UIInterfaceOrientationLandscapeLeft UIInterfaceOrientationLandscapeRight";
				INFOPLIST_KEY_UISupportedInterfaceOrientations_iPhone = "UIInterfaceOrientationPortrait UIInterfaceOrientationLandscapeLeft UIInterfaceOrientationLandscapeRight";
				LD_RUNPATH_SEARCH_PATHS = (
					"$(inherited)",
					"@executable_path/Frameworks",
				);
				MARKETING_VERSION = 1.0;
				PRODUCT_BUNDLE_IDENTIFIER = Trenser.Greetings;
				PRODUCT_NAME = "$(TARGET_NAME)";
				SWIFT_EMIT_LOC_STRINGS = YES;
				SWIFT_VERSION = 5.0;
				TARGETED_DEVICE_FAMILY = "1,2";
			};
			name = Release;
		};
		4BE5D04528FFB5570056014E /* Debug */ = {
			isa = XCBuildConfiguration;
			buildSettings = {
				ALWAYS_EMBED_SWIFT_STANDARD_LIBRARIES = YES;
				BUNDLE_LOADER = "$(TEST_HOST)";
				CODE_SIGN_STYLE = Automatic;
				CURRENT_PROJECT_VERSION = 1;
				GENERATE_INFOPLIST_FILE = YES;
				IPHONEOS_DEPLOYMENT_TARGET = 16.0;
				MARKETING_VERSION = 1.0;
				PRODUCT_BUNDLE_IDENTIFIER = Trenser.GreetingsTests;
				PRODUCT_NAME = "$(TARGET_NAME)";
				SWIFT_EMIT_LOC_STRINGS = NO;
				SWIFT_VERSION = 5.0;
				TARGETED_DEVICE_FAMILY = "1,2";
				TEST_HOST = "$(BUILT_PRODUCTS_DIR)/LuckyNumber.app/$(BUNDLE_EXECUTABLE_FOLDER_PATH)/LuckyNumber";
			};
			name = Debug;
		};
		4BE5D04628FFB5570056014E /* Release */ = {
			isa = XCBuildConfiguration;
			buildSettings = {
				ALWAYS_EMBED_SWIFT_STANDARD_LIBRARIES = YES;
				BUNDLE_LOADER = "$(TEST_HOST)";
				CODE_SIGN_STYLE = Automatic;
				CURRENT_PROJECT_VERSION = 1;
				GENERATE_INFOPLIST_FILE = YES;
				IPHONEOS_DEPLOYMENT_TARGET = 16.0;
				MARKETING_VERSION = 1.0;
				PRODUCT_BUNDLE_IDENTIFIER = Trenser.GreetingsTests;
				PRODUCT_NAME = "$(TARGET_NAME)";
				SWIFT_EMIT_LOC_STRINGS = NO;
				SWIFT_VERSION = 5.0;
				TARGETED_DEVICE_FAMILY = "1,2";
				TEST_HOST = "$(BUILT_PRODUCTS_DIR)/LuckyNumber.app/$(BUNDLE_EXECUTABLE_FOLDER_PATH)/LuckyNumber";
			};
			name = Release;
		};
		4BE5D04828FFB5570056014E /* Debug */ = {
			isa = XCBuildConfiguration;
			buildSettings = {
				ALWAYS_EMBED_SWIFT_STANDARD_LIBRARIES = YES;
				CODE_SIGN_STYLE = Automatic;
				CURRENT_PROJECT_VERSION = 1;
				GENERATE_INFOPLIST_FILE = YES;
				MARKETING_VERSION = 1.0;
				PRODUCT_BUNDLE_IDENTIFIER = Trenser.GreetingsUITests;
				PRODUCT_NAME = "$(TARGET_NAME)";
				SWIFT_EMIT_LOC_STRINGS = NO;
				SWIFT_VERSION = 5.0;
				TARGETED_DEVICE_FAMILY = "1,2";
				TEST_TARGET_NAME = Greetings;
			};
			name = Debug;
		};
		4BE5D04928FFB5570056014E /* Release */ = {
			isa = XCBuildConfiguration;
			buildSettings = {
				ALWAYS_EMBED_SWIFT_STANDARD_LIBRARIES = YES;
				CODE_SIGN_STYLE = Automatic;
				CURRENT_PROJECT_VERSION = 1;
				GENERATE_INFOPLIST_FILE = YES;
				MARKETING_VERSION = 1.0;
				PRODUCT_BUNDLE_IDENTIFIER = Trenser.GreetingsUITests;
				PRODUCT_NAME = "$(TARGET_NAME)";
				SWIFT_EMIT_LOC_STRINGS = NO;
				SWIFT_VERSION = 5.0;
				TARGETED_DEVICE_FAMILY = "1,2";
				TEST_TARGET_NAME = Greetings;
			};
			name = Release;
		};
/* End XCBuildConfiguration section */

/* Begin XCConfigurationList section */
		4BE5D01228FFB5550056014E /* Build configuration list for PBXProject "LuckyNumber" */ = {
			isa = XCConfigurationList;
			buildConfigurations = (
				4BE5D03F28FFB5570056014E /* Debug */,
				4BE5D04028FFB5570056014E /* Release */,
			);
			defaultConfigurationIsVisible = 0;
			defaultConfigurationName = Release;
		};
		4BE5D04128FFB5570056014E /* Build configuration list for PBXNativeTarget "LuckyNumber" */ = {
			isa = XCConfigurationList;
			buildConfigurations = (
				4BE5D04228FFB5570056014E /* Debug */,
				4BE5D04328FFB5570056014E /* Release */,
			);
			defaultConfigurationIsVisible = 0;
			defaultConfigurationName = Release;
		};
		4BE5D04428FFB5570056014E /* Build configuration list for PBXNativeTarget "LuckyNumberTests" */ = {
			isa = XCConfigurationList;
			buildConfigurations = (
				4BE5D04528FFB5570056014E /* Debug */,
				4BE5D04628FFB5570056014E /* Release */,
			);
			defaultConfigurationIsVisible = 0;
			defaultConfigurationName = Release;
		};
		4BE5D04728FFB5570056014E /* Build configuration list for PBXNativeTarget "LuckyNumberUITests" */ = {
			isa = XCConfigurationList;
			buildConfigurations = (
				4BE5D04828FFB5570056014E /* Debug */,
				4BE5D04928FFB5570056014E /* Release */,
			);
			defaultConfigurationIsVisible = 0;
			defaultConfigurationName = Release;
		};
/* End XCConfigurationList section */
	};
	rootObject = 4BE5D00F28FFB5550056014E /* Project object */;
}
